
Microsoft Visual Studio Solution File, Format Version 12.00
# Visual Studio 2012
Project("{FAE04EC0-301F-11D3-BF4B-00C04F79EFBC}") = "Practice2", "Practice2\Practice2.csproj", "{0A8F5024-FED4-47D7-8771-06E2B13B03BB}"
EndProject
Global
	GlobalSection(SolutionConfigurationPlatforms) = preSolution
		Debug|iPhoneSimulator = Debug|iPhoneSimulator
		Release|iPhone = Release|iPhone
		Release|iPhoneSimulator = Release|iPhoneSimulator
		Debug|iPhone = Debug|iPhone
	EndGlobalSection
	GlobalSection(ProjectConfigurationPlatforms) = postSolution
		{0A8F5024-FED4-47D7-8771-06E2B13B03BB}.Debug|iPhoneSimulator.ActiveCfg = Debug|iPhoneSimulator
		{0A8F5024-FED4-47D7-8771-06E2B13B03BB}.Debug|iPhoneSimulator.Build.0 = Debug|iPhoneSimulator
		{0A8F5024-FED4-47D7-8771-06E2B13B03BB}.Release|iPhone.ActiveCfg = Release|iPhone
		{0A8F5024-FED4-47D7-8771-06E2B13B03BB}.Release|iPhone.Build.0 = Release|iPhone
		{0A8F5024-FED4-47D7-8771-06E2B13B03BB}.Release|iPhoneSimulator.ActiveCfg = Release|iPhoneSimulator
		{0A8F5024-FED4-47D7-8771-06E2B13B03BB}.Release|iPhoneSimulator.Build.0 = Release|iPhoneSimulator
		{0A8F5024-FED4-47D7-8771-06E2B13B03BB}.Debug|iPhone.ActiveCfg = Debug|iPhone
		{0A8F5024-FED4-47D7-8771-06E2B13B03BB}.Debug|iPhone.Build.0 = Debug|iPhone
	EndGlobalSection
EndGlobal
